
Microsoft Visual Studio Solution File, Format Version 12.00
Project("{FAE04EC0-301F-11D3-BF4B-00C04F79EFBC}") = "TP3", "TP3\TP3.csproj", "{55BE7822-FFCE-4A2D-84E3-95DBF79FA5B2}"
EndProject
Project("{FAE04EC0-301F-11D3-BF4B-00C04F79EFBC}") = "TP1", "TP1\TP1.csproj", "{EB9133E0-3225-4DAC-8BCD-90711DEDEADC}"
EndProject
Project("{FAE04EC0-301F-11D3-BF4B-00C04F79EFBC}") = "TP2", "TP2\TP2.csproj", "{FF574367-761B-4DEA-A4DA-F5778CDCE564}"
EndProject
Global
	GlobalSection(SolutionConfigurationPlatforms) = preSolution
		Debug|Any CPU = Debug|Any CPU
		Release|Any CPU = Release|Any CPU
	EndGlobalSection
	GlobalSection(ProjectConfigurationPlatforms) = postSolution
		{55BE7822-FFCE-4A2D-84E3-95DBF79FA5B2}.Debug|Any CPU.ActiveCfg = Debug|Any CPU
		{55BE7822-FFCE-4A2D-84E3-95DBF79FA5B2}.Debug|Any CPU.Build.0 = Debug|Any CPU
		{55BE7822-FFCE-4A2D-84E3-95DBF79FA5B2}.Release|Any CPU.ActiveCfg = Release|Any CPU
		{55BE7822-FFCE-4A2D-84E3-95DBF79FA5B2}.Release|Any CPU.Build.0 = Release|Any CPU
		{EB9133E0-3225-4DAC-8BCD-90711DEDEADC}.Debug|Any CPU.ActiveCfg = Debug|Any CPU
		{EB9133E0-3225-4DAC-8BCD-90711DEDEADC}.Debug|Any CPU.Build.0 = Debug|Any CPU
		{EB9133E0-3225-4DAC-8BCD-90711DEDEADC}.Release|Any CPU.ActiveCfg = Release|Any CPU
		{EB9133E0-3225-4DAC-8BCD-90711DEDEADC}.Release|Any CPU.Build.0 = Release|Any CPU
		{FF574367-761B-4DEA-A4DA-F5778CDCE564}.Debug|Any CPU.ActiveCfg = Debug|Any CPU
		{FF574367-761B-4DEA-A4DA-F5778CDCE564}.Debug|Any CPU.Build.0 = Debug|Any CPU
		{FF574367-761B-4DEA-A4DA-F5778CDCE564}.Release|Any CPU.ActiveCfg = Release|Any CPU
		{FF574367-761B-4DEA-A4DA-F5778CDCE564}.Release|Any CPU.Build.0 = Release|Any CPU
	EndGlobalSection
EndGlobal
